
Microsoft Visual Studio Solution File, Format Version 12.00
# Visual Studio Version 17
VisualStudioVersion = 17.13.35828.75 d17.13
MinimumVisualStudioVersion = 10.0.40219.1
Project("{8BC9CEB8-8B4A-11D0-8D11-00A0C91BC942}") = "pp-4", "pp-4\pp-4.vcxproj", "{13CDA41A-2309-4CD7-868C-5CE5985A9832}"
EndProject
Global
	GlobalSection(SolutionConfigurationPlatforms) = preSolution
		Debug|x64 = Debug|x64
		Debug|x86 = Debug|x86
		Release|x64 = Release|x64
		Release|x86 = Release|x86
	EndGlobalSection
	GlobalSection(ProjectConfigurationPlatforms) = postSolution
		{13CDA41A-2309-4CD7-868C-5CE5985A9832}.Debug|x64.ActiveCfg = Debug|x64
		{13CDA41A-2309-4CD7-868C-5CE5985A9832}.Debug|x64.Build.0 = Debug|x64
		{13CDA41A-2309-4CD7-868C-5CE5985A9832}.Debug|x86.ActiveCfg = Debug|Win32
		{13CDA41A-2309-4CD7-868C-5CE5985A9832}.Debug|x86.Build.0 = Debug|Win32
		{13CDA41A-2309-4CD7-868C-5CE5985A9832}.Release|x64.ActiveCfg = Release|x64
		{13CDA41A-2309-4CD7-868C-5CE5985A9832}.Release|x64.Build.0 = Release|x64
		{13CDA41A-2309-4CD7-868C-5CE5985A9832}.Release|x86.ActiveCfg = Release|Win32
		{13CDA41A-2309-4CD7-868C-5CE5985A9832}.Release|x86.Build.0 = Release|Win32
	EndGlobalSection
	GlobalSection(SolutionProperties) = preSolution
		HideSolutionNode = FALSE
	EndGlobalSection
	GlobalSection(ExtensibilityGlobals) = postSolution
		SolutionGuid = {39B0DB1E-D797-41FB-97F8-E503C8E5386C}
	EndGlobalSection
EndGlobal
